// !$*UTF8*$!
{
	archiveVersion = 1;
	classes = {
	};
	objectVersion = 48;
	objects = {

/* Begin PBXBuildFile section */
		70B3BE8E1F7AAA4200DBA39D /* AppDelegate.swift in Sources */ = {isa = PBXBuildFile; fileRef = 70B3BE8D1F7AAA4200DBA39D /* AppDelegate.swift */; };
		70B3BE901F7AAA4200DBA39D /* ViewController.swift in Sources */ = {isa = PBXBuildFile; fileRef = 70B3BE8F1F7AAA4200DBA39D /* ViewController.swift */; };
		70B3BE931F7AAA4200DBA39D /* Main.storyboard in Resources */ = {isa = PBXBuildFile; fileRef = 70B3BE911F7AAA4200DBA39D /* Main.storyboard */; };
		70B3BE951F7AAA4200DBA39D /* Assets.xcassets in Resources */ = {isa = PBXBuildFile; fileRef = 70B3BE941F7AAA4200DBA39D /* Assets.xcassets */; };
		70B3BE981F7AAA4200DBA39D /* LaunchScreen.storyboard in Resources */ = {isa = PBXBuildFile; fileRef = 70B3BE961F7AAA4200DBA39D /* LaunchScreen.storyboard */; };
		70B3BEA31F7AAA4200DBA39D /* TimesTableTests.swift in Sources */ = {isa = PBXBuildFile; fileRef = 70B3BEA21F7AAA4200DBA39D /* TimesTableTests.swift */; };
		70B3BEAE1F7AAA6800DBA39D /* NYTManager.swift in Sources */ = {isa = PBXBuildFile; fileRef = 70B3BEAD1F7AAA6800DBA39D /* NYTManager.swift */; };
		70B3BEAF1F7AAA6800DBA39D /* NYTManager.swift in Sources */ = {isa = PBXBuildFile; fileRef = 70B3BEAD1F7AAA6800DBA39D /* NYTManager.swift */; };
		70B3BEB91F7C9B9100DBA39D /* SymbolRing.swift in Sources */ = {isa = PBXBuildFile; fileRef = 70B3BEB81F7C9B9100DBA39D /* SymbolRing.swift */; };
		70B3BEBA1F7C9B9100DBA39D /* SymbolRing.swift in Sources */ = {isa = PBXBuildFile; fileRef = 70B3BEB81F7C9B9100DBA39D /* SymbolRing.swift */; };
		70B3BEBC1F7CA45200DBA39D /* NLPManager.swift in Sources */ = {isa = PBXBuildFile; fileRef = 70B3BEBB1F7CA45200DBA39D /* NLPManager.swift */; };
		70B3BEBD1F7CA45200DBA39D /* NLPManager.swift in Sources */ = {isa = PBXBuildFile; fileRef = 70B3BEBB1F7CA45200DBA39D /* NLPManager.swift */; };
		70B836E32127D82200719887 /* IntentHandler.swift in Sources */ = {isa = PBXBuildFile; fileRef = 70B836E22127D82200719887 /* IntentHandler.swift */; };
		70B836E72127D82200719887 /* FitToFakeExtension.appex in Embed App Extensions */ = {isa = PBXBuildFile; fileRef = 70B836E02127D82100719887 /* FitToFakeExtension.appex */; settings = {ATTRIBUTES = (RemoveHeadersOnCopy, ); }; };
		70B836ED2127D91500719887 /* FakeRequestHandler.swift in Sources */ = {isa = PBXBuildFile; fileRef = 70B836EC2127D91500719887 /* FakeRequestHandler.swift */; };
		70CB05711F7DF5E500486872 /* AVFoundation.framework in Frameworks */ = {isa = PBXBuildFile; fileRef = 70CB05701F7DF5E500486872 /* AVFoundation.framework */; };
/* End PBXBuildFile section */

/* Begin PBXContainerItemProxy section */
		70B3BE9F1F7AAA4200DBA39D /* PBXContainerItemProxy */ = {
			isa = PBXContainerItemProxy;
			containerPortal = 70B3BE821F7AAA4100DBA39D /* Project object */;
			proxyType = 1;
			remoteGlobalIDString = 70B3BE891F7AAA4200DBA39D;
			remoteInfo = TimesTable;
		};
		70B836E52127D82200719887 /* PBXContainerItemProxy */ = {
			isa = PBXContainerItemProxy;
			containerPortal = 70B3BE821F7AAA4100DBA39D /* Project object */;
			proxyType = 1;
			remoteGlobalIDString = 70B836DF2127D82100719887;
			remoteInfo = FitToFakeExtension;
		};
/* End PBXContainerItemProxy section */

/* Begin PBXCopyFilesBuildPhase section */
		70B836EB2127D82200719887 /* Embed App Extensions */ = {
			isa = PBXCopyFilesBuildPhase;
			buildActionMask = 2147483647;
			dstPath = "";
			dstSubfolderSpec = 13;
			files = (
				70B836E72127D82200719887 /* FitToFakeExtension.appex in Embed App Extensions */,
			);
			name = "Embed App Extensions";
			runOnlyForDeploymentPostprocessing = 0;
		};
/* End PBXCopyFilesBuildPhase section */

/* Begin PBXFileReference section */
		70B3BE8A1F7AAA4200DBA39D /* TimesTable.app */ = {isa = PBXFileReference; explicitFileType = wrapper.application; includeInIndex = 0; path = TimesTable.app; sourceTree = BUILT_PRODUCTS_DIR; };
		70B3BE8D1F7AAA4200DBA39D /* AppDelegate.swift */ = {isa = PBXFileReference; lastKnownFileType = sourcecode.swift; path = AppDelegate.swift; sourceTree = "<group>"; };
		70B3BE8F1F7AAA4200DBA39D /* ViewController.swift */ = {isa = PBXFileReference; lastKnownFileType = sourcecode.swift; path = ViewController.swift; sourceTree = "<group>"; };
		70B3BE921F7AAA4200DBA39D /* Base */ = {isa = PBXFileReference; lastKnownFileType = file.storyboard; name = Base; path = Base.lproj/Main.storyboard; sourceTree = "<group>"; };
		70B3BE941F7AAA4200DBA39D /* Assets.xcassets */ = {isa = PBXFileReference; lastKnownFileType = folder.assetcatalog; path = Assets.xcassets; sourceTree = "<group>"; };
		70B3BE971F7AAA4200DBA39D /* Base */ = {isa = PBXFileReference; lastKnownFileType = file.storyboard; name = Base; path = Base.lproj/LaunchScreen.storyboard; sourceTree = "<group>"; };
		70B3BE991F7AAA4200DBA39D /* Info.plist */ = {isa = PBXFileReference; lastKnownFileType = text.plist.xml; path = Info.plist; sourceTree = "<group>"; };
		70B3BE9E1F7AAA4200DBA39D /* TimesTableTests.xctest */ = {isa = PBXFileReference; explicitFileType = wrapper.cfbundle; includeInIndex = 0; path = TimesTableTests.xctest; sourceTree = BUILT_PRODUCTS_DIR; };
		70B3BEA21F7AAA4200DBA39D /* TimesTableTests.swift */ = {isa = PBXFileReference; lastKnownFileType = sourcecode.swift; path = TimesTableTests.swift; sourceTree = "<group>"; };
		70B3BEA41F7AAA4200DBA39D /* Info.plist */ = {isa = PBXFileReference; lastKnownFileType = text.plist.xml; path = Info.plist; sourceTree = "<group>"; };
		70B3BEAD1F7AAA6800DBA39D /* NYTManager.swift */ = {isa = PBXFileReference; lastKnownFileType = sourcecode.swift; path = NYTManager.swift; sourceTree = "<group>"; };
		70B3BEB81F7C9B9100DBA39D /* SymbolRing.swift */ = {isa = PBXFileReference; lastKnownFileType = sourcecode.swift; path = SymbolRing.swift; sourceTree = "<group>"; };
		70B3BEBB1F7CA45200DBA39D /* NLPManager.swift */ = {isa = PBXFileReference; lastKnownFileType = sourcecode.swift; path = NLPManager.swift; sourceTree = "<group>"; };
		70B836DB2127D80300719887 /* TimesTable.entitlements */ = {isa = PBXFileReference; lastKnownFileType = text.plist.entitlements; path = TimesTable.entitlements; sourceTree = "<group>"; };
		70B836E02127D82100719887 /* FitToFakeExtension.appex */ = {isa = PBXFileReference; explicitFileType = "wrapper.app-extension"; includeInIndex = 0; path = FitToFakeExtension.appex; sourceTree = BUILT_PRODUCTS_DIR; };
		70B836E22127D82200719887 /* IntentHandler.swift */ = {isa = PBXFileReference; lastKnownFileType = sourcecode.swift; path = IntentHandler.swift; sourceTree = "<group>"; };
		70B836E42127D82200719887 /* Info.plist */ = {isa = PBXFileReference; lastKnownFileType = text.plist.xml; path = Info.plist; sourceTree = "<group>"; };
		70B836EC2127D91500719887 /* FakeRequestHandler.swift */ = {isa = PBXFileReference; lastKnownFileType = sourcecode.swift; path = FakeRequestHandler.swift; sourceTree = "<group>"; };
		70CB056E1F7DF57900486872 /* AVKit.framework */ = {isa = PBXFileReference; lastKnownFileType = wrapper.framework; name = AVKit.framework; path = System/Library/Frameworks/AVKit.framework; sourceTree = SDKROOT; };
		70CB05701F7DF5E500486872 /* AVFoundation.framework */ = {isa = PBXFileReference; lastKnownFileType = wrapper.framework; name = AVFoundation.framework; path = System/Library/Frameworks/AVFoundation.framework; sourceTree = SDKROOT; };
/* End PBXFileReference section */

/* Begin PBXFrameworksBuildPhase section */
		70B3BE871F7AAA4200DBA39D /* Frameworks */ = {
			isa = PBXFrameworksBuildPhase;
			buildActionMask = 2147483647;
			files = (
				70CB05711F7DF5E500486872 /* AVFoundation.framework in Frameworks */,
			);
			runOnlyForDeploymentPostprocessing = 0;
		};
		70B3BE9B1F7AAA4200DBA39D /* Frameworks */ = {
			isa = PBXFrameworksBuildPhase;
			buildActionMask = 2147483647;
			files = (
			);
			runOnlyForDeploymentPostprocessing = 0;
		};
		70B836DD2127D82100719887 /* Frameworks */ = {
			isa = PBXFrameworksBuildPhase;
			buildActionMask = 2147483647;
			files = (
			);
			runOnlyForDeploymentPostprocessing = 0;
		};
/* End PBXFrameworksBuildPhase section */

/* Begin PBXGroup section */
		70B3BE811F7AAA4100DBA39D = {
			isa = PBXGroup;
			children = (
				70B3BE8C1F7AAA4200DBA39D /* TimesTable */,
				70B3BEA11F7AAA4200DBA39D /* TimesTableTests */,
				70B836E12127D82200719887 /* FitToFakeExtension */,
				70B3BE8B1F7AAA4200DBA39D /* Products */,
				70CB056D1F7DF57800486872 /* Frameworks */,
			);
			sourceTree = "<group>";
		};
		70B3BE8B1F7AAA4200DBA39D /* Products */ = {
			isa = PBXGroup;
			children = (
				70B3BE8A1F7AAA4200DBA39D /* TimesTable.app */,
				70B3BE9E1F7AAA4200DBA39D /* TimesTableTests.xctest */,
				70B836E02127D82100719887 /* FitToFakeExtension.appex */,
			);
			name = Products;
			sourceTree = "<group>";
		};
		70B3BE8C1F7AAA4200DBA39D /* TimesTable */ = {
			isa = PBXGroup;
			children = (
				70B836DB2127D80300719887 /* TimesTable.entitlements */,
				70B3BE8D1F7AAA4200DBA39D /* AppDelegate.swift */,
				70B3BEAD1F7AAA6800DBA39D /* NYTManager.swift */,
				70B3BEB81F7C9B9100DBA39D /* SymbolRing.swift */,
				70B3BEBB1F7CA45200DBA39D /* NLPManager.swift */,
				70B3BE8F1F7AAA4200DBA39D /* ViewController.swift */,
				70B3BE911F7AAA4200DBA39D /* Main.storyboard */,
				70B3BE941F7AAA4200DBA39D /* Assets.xcassets */,
				70B3BE961F7AAA4200DBA39D /* LaunchScreen.storyboard */,
				70B3BE991F7AAA4200DBA39D /* Info.plist */,
			);
			path = TimesTable;
			sourceTree = "<group>";
		};
		70B3BEA11F7AAA4200DBA39D /* TimesTableTests */ = {
			isa = PBXGroup;
			children = (
				70B3BEA21F7AAA4200DBA39D /* TimesTableTests.swift */,
				70B3BEA41F7AAA4200DBA39D /* Info.plist */,
			);
			path = TimesTableTests;
			sourceTree = "<group>";
		};
		70B836E12127D82200719887 /* FitToFakeExtension */ = {
			isa = PBXGroup;
			children = (
				70B836E22127D82200719887 /* IntentHandler.swift */,
				70B836E42127D82200719887 /* Info.plist */,
				70B836EC2127D91500719887 /* FakeRequestHandler.swift */,
			);
			path = FitToFakeExtension;
			sourceTree = "<group>";
		};
		70CB056D1F7DF57800486872 /* Frameworks */ = {
			isa = PBXGroup;
			children = (
				70CB05701F7DF5E500486872 /* AVFoundation.framework */,
				70CB056E1F7DF57900486872 /* AVKit.framework */,
			);
			name = Frameworks;
			sourceTree = "<group>";
		};
/* End PBXGroup section */

/* Begin PBXNativeTarget section */
		70B3BE891F7AAA4200DBA39D /* TimesTable */ = {
			isa = PBXNativeTarget;
			buildConfigurationList = 70B3BEA71F7AAA4200DBA39D /* Build configuration list for PBXNativeTarget "TimesTable" */;
			buildPhases = (
				70B3BE861F7AAA4200DBA39D /* Sources */,
				70B3BE871F7AAA4200DBA39D /* Frameworks */,
				70B3BE881F7AAA4200DBA39D /* Resources */,
				70B836EB2127D82200719887 /* Embed App Extensions */,
			);
			buildRules = (
			);
			dependencies = (
				70B836E62127D82200719887 /* PBXTargetDependency */,
			);
			name = TimesTable;
			productName = TimesTable;
			productReference = 70B3BE8A1F7AAA4200DBA39D /* TimesTable.app */;
			productType = "com.apple.product-type.application";
		};
		70B3BE9D1F7AAA4200DBA39D /* TimesTableTests */ = {
			isa = PBXNativeTarget;
			buildConfigurationList = 70B3BEAA1F7AAA4200DBA39D /* Build configuration list for PBXNativeTarget "TimesTableTests" */;
			buildPhases = (
				70B3BE9A1F7AAA4200DBA39D /* Sources */,
				70B3BE9B1F7AAA4200DBA39D /* Frameworks */,
				70B3BE9C1F7AAA4200DBA39D /* Resources */,
			);
			buildRules = (
			);
			dependencies = (
				70B3BEA01F7AAA4200DBA39D /* PBXTargetDependency */,
			);
			name = TimesTableTests;
			productName = TimesTableTests;
			productReference = 70B3BE9E1F7AAA4200DBA39D /* TimesTableTests.xctest */;
			productType = "com.apple.product-type.bundle.unit-test";
		};
		70B836DF2127D82100719887 /* FitToFakeExtension */ = {
			isa = PBXNativeTarget;
			buildConfigurationList = 70B836E82127D82200719887 /* Build configuration list for PBXNativeTarget "FitToFakeExtension" */;
			buildPhases = (
				70B836DC2127D82100719887 /* Sources */,
				70B836DD2127D82100719887 /* Frameworks */,
				70B836DE2127D82100719887 /* Resources */,
			);
			buildRules = (
			);
			dependencies = (
			);
			name = FitToFakeExtension;
			productName = FitToFakeExtension;
			productReference = 70B836E02127D82100719887 /* FitToFakeExtension.appex */;
			productType = "com.apple.product-type.app-extension";
		};
/* End PBXNativeTarget section */

/* Begin PBXProject section */
		70B3BE821F7AAA4100DBA39D /* Project object */ = {
			isa = PBXProject;
			attributes = {
				LastSwiftUpdateCheck = 0940;
				LastUpgradeCheck = 0900;
				ORGANIZATIONNAME = Jhhl.net;
				TargetAttributes = {
					70B3BE891F7AAA4200DBA39D = {
						CreatedOnToolsVersion = 9.0;
						ProvisioningStyle = Automatic;
						SystemCapabilities = {
							com.apple.Siri = {
								enabled = 1;
							};
						};
					};
					70B3BE9D1F7AAA4200DBA39D = {
						CreatedOnToolsVersion = 9.0;
						ProvisioningStyle = Automatic;
						TestTargetID = 70B3BE891F7AAA4200DBA39D;
					};
					70B836DF2127D82100719887 = {
						CreatedOnToolsVersion = 9.4.1;
						ProvisioningStyle = Automatic;
					};
				};
			};
			buildConfigurationList = 70B3BE851F7AAA4100DBA39D /* Build configuration list for PBXProject "TimesTable" */;
			compatibilityVersion = "Xcode 8.0";
			developmentRegion = en;
			hasScannedForEncodings = 0;
			knownRegions = (
				en,
				Base,
			);
			mainGroup = 70B3BE811F7AAA4100DBA39D;
			productRefGroup = 70B3BE8B1F7AAA4200DBA39D /* Products */;
			projectDirPath = "";
			projectRoot = "";
			targets = (
				70B3BE891F7AAA4200DBA39D /* TimesTable */,
				70B3BE9D1F7AAA4200DBA39D /* TimesTableTests */,
				70B836DF2127D82100719887 /* FitToFakeExtension */,
			);
		};
/* End PBXProject section */

/* Begin PBXResourcesBuildPhase section */
		70B3BE881F7AAA4200DBA39D /* Resources */ = {
			isa = PBXResourcesBuildPhase;
			buildActionMask = 2147483647;
			files = (
				70B3BE981F7AAA4200DBA39D /* LaunchScreen.storyboard in Resources */,
				70B3BE951F7AAA4200DBA39D /* Assets.xcassets in Resources */,
				70B3BE931F7AAA4200DBA39D /* Main.storyboard in Resources */,
			);
			runOnlyForDeploymentPostprocessing = 0;
		};
		70B3BE9C1F7AAA4200DBA39D /* Resources */ = {
			isa = PBXResourcesBuildPhase;
			buildActionMask = 2147483647;
			files = (
			);
			runOnlyForDeploymentPostprocessing = 0;
		};
		70B836DE2127D82100719887 /* Resources */ = {
			isa = PBXResourcesBuildPhase;
			buildActionMask = 2147483647;
			files = (
			);
			runOnlyForDeploymentPostprocessing = 0;
		};
/* End PBXResourcesBuildPhase section */

/* Begin PBXSourcesBuildPhase section */
		70B3BE861F7AAA4200DBA39D /* Sources */ = {
			isa = PBXSourcesBuildPhase;
			buildActionMask = 2147483647;
			files = (
				70B3BEAE1F7AAA6800DBA39D /* NYTManager.swift in Sources */,
				70B3BEB91F7C9B9100DBA39D /* SymbolRing.swift in Sources */,
				70B3BE901F7AAA4200DBA39D /* ViewController.swift in Sources */,
				70B3BE8E1F7AAA4200DBA39D /* AppDelegate.swift in Sources */,
				70B3BEBC1F7CA45200DBA39D /* NLPManager.swift in Sources */,
			);
			runOnlyForDeploymentPostprocessing = 0;
		};
		70B3BE9A1F7AAA4200DBA39D /* Sources */ = {
			isa = PBXSourcesBuildPhase;
			buildActionMask = 2147483647;
			files = (
				70B3BEBD1F7CA45200DBA39D /* NLPManager.swift in Sources */,
				70B3BEA31F7AAA4200DBA39D /* TimesTableTests.swift in Sources */,
				70B3BEBA1F7C9B9100DBA39D /* SymbolRing.swift in Sources */,
				70B3BEAF1F7AAA6800DBA39D /* NYTManager.swift in Sources */,
			);
			runOnlyForDeploymentPostprocessing = 0;
		};
		70B836DC2127D82100719887 /* Sources */ = {
			isa = PBXSourcesBuildPhase;
			buildActionMask = 2147483647;
			files = (
				70B836E32127D82200719887 /* IntentHandler.swift in Sources */,
				70B836ED2127D91500719887 /* FakeRequestHandler.swift in Sources */,
			);
			runOnlyForDeploymentPostprocessing = 0;
		};
/* End PBXSourcesBuildPhase section */

/* Begin PBXTargetDependency section */
		70B3BEA01F7AAA4200DBA39D /* PBXTargetDependency */ = {
			isa = PBXTargetDependency;
			target = 70B3BE891F7AAA4200DBA39D /* TimesTable */;
			targetProxy = 70B3BE9F1F7AAA4200DBA39D /* PBXContainerItemProxy */;
		};
		70B836E62127D82200719887 /* PBXTargetDependency */ = {
			isa = PBXTargetDependency;
			target = 70B836DF2127D82100719887 /* FitToFakeExtension */;
			targetProxy = 70B836E52127D82200719887 /* PBXContainerItemProxy */;
		};
/* End PBXTargetDependency section */

/* Begin PBXVariantGroup section */
		70B3BE911F7AAA4200DBA39D /* Main.storyboard */ = {
			isa = PBXVariantGroup;
			children = (
				70B3BE921F7AAA4200DBA39D /* Base */,
			);
			name = Main.storyboard;
			sourceTree = "<group>";
		};
		70B3BE961F7AAA4200DBA39D /* LaunchScreen.storyboard */ = {
			isa = PBXVariantGroup;
			children = (
				70B3BE971F7AAA4200DBA39D /* Base */,
			);
			name = LaunchScreen.storyboard;
			sourceTree = "<group>";
		};
/* End PBXVariantGroup section */

/* Begin XCBuildConfiguration section */
		70B3BEA51F7AAA4200DBA39D /* Debug */ = {
			isa = XCBuildConfiguration;
			buildSettings = {
				ALWAYS_SEARCH_USER_PATHS = NO;
				CLANG_ANALYZER_NONNULL = YES;
				CLANG_ANALYZER_NUMBER_OBJECT_CONVERSION = YES_AGGRESSIVE;
				CLANG_CXX_LANGUAGE_STANDARD = "gnu++14";
				CLANG_CXX_LIBRARY = "libc++";
				CLANG_ENABLE_MODULES = YES;
				CLANG_ENABLE_OBJC_ARC = YES;
				CLANG_WARN_BLOCK_CAPTURE_AUTORELEASING = YES;
				CLANG_WARN_BOOL_CONVERSION = YES;
				CLANG_WARN_COMMA = YES;
				CLANG_WARN_CONSTANT_CONVERSION = YES;
				CLANG_WARN_DIRECT_OBJC_ISA_USAGE = YES_ERROR;
				CLANG_WARN_DOCUMENTATION_COMMENTS = YES;
				CLANG_WARN_EMPTY_BODY = YES;
				CLANG_WARN_ENUM_CONVERSION = YES;
				CLANG_WARN_INFINITE_RECURSION = YES;
				CLANG_WARN_INT_CONVERSION = YES;
				CLANG_WARN_NON_LITERAL_NULL_CONVERSION = YES;
				CLANG_WARN_OBJC_LITERAL_CONVERSION = YES;
				CLANG_WARN_OBJC_ROOT_CLASS = YES_ERROR;
				CLANG_WARN_RANGE_LOOP_ANALYSIS = YES;
				CLANG_WARN_STRICT_PROTOTYPES = YES;
				CLANG_WARN_SUSPICIOUS_MOVE = YES;
				CLANG_WARN_UNGUARDED_AVAILABILITY = YES_AGGRESSIVE;
				CLANG_WARN_UNREACHABLE_CODE = YES;
				CLANG_WARN__DUPLICATE_METHOD_MATCH = YES;
				CODE_SIGN_IDENTITY = "iPhone Developer";
				COPY_PHASE_STRIP = NO;
				DEBUG_INFORMATION_FORMAT = dwarf;
				ENABLE_STRICT_OBJC_MSGSEND = YES;
				ENABLE_TESTABILITY = YES;
				GCC_C_LANGUAGE_STANDARD = gnu11;
				GCC_DYNAMIC_NO_PIC = NO;
				GCC_NO_COMMON_BLOCKS = YES;
				GCC_OPTIMIZATION_LEVEL = 0;
				GCC_PREPROCESSOR_DEFINITIONS = (
					"DEBUG=1",
					"$(inherited)",
				);
				GCC_WARN_64_TO_32_BIT_CONVERSION = YES;
				GCC_WARN_ABOUT_RETURN_TYPE = YES_ERROR;
				GCC_WARN_UNDECLARED_SELECTOR = YES;
				GCC_WARN_UNINITIALIZED_AUTOS = YES_AGGRESSIVE;
				GCC_WARN_UNUSED_FUNCTION = YES;
				GCC_WARN_UNUSED_VARIABLE = YES;
				IPHONEOS_DEPLOYMENT_TARGET = 11.0;
				MTL_ENABLE_DEBUG_INFO = YES;
				ONLY_ACTIVE_ARCH = YES;
				SDKROOT = iphoneos;
				SWIFT_ACTIVE_COMPILATION_CONDITIONS = DEBUG;
				SWIFT_OPTIMIZATION_LEVEL = "-Onone";
			};
			name = Debug;
		};
		70B3BEA61F7AAA4200DBA39D /* Release */ = {
			isa = XCBuildConfiguration;
			buildSettings = {
				ALWAYS_SEARCH_USER_PATHS = NO;
				CLANG_ANALYZER_NONNULL = YES;
				CLANG_ANALYZER_NUMBER_OBJECT_CONVERSION = YES_AGGRESSIVE;
				CLANG_CXX_LANGUAGE_STANDARD = "gnu++14";
				CLANG_CXX_LIBRARY = "libc++";
				CLANG_ENABLE_MODULES = YES;
				CLANG_ENABLE_OBJC_ARC = YES;
				CLANG_WARN_BLOCK_CAPTURE_AUTORELEASING = YES;
				CLANG_WARN_BOOL_CONVERSION = YES;
				CLANG_WARN_COMMA = YES;
				CLANG_WARN_CONSTANT_CONVERSION = YES;
				CLANG_WARN_DIRECT_OBJC_ISA_USAGE = YES_ERROR;
				CLANG_WARN_DOCUMENTATION_COMMENTS = YES;
				CLANG_WARN_EMPTY_BODY = YES;
				CLANG_WARN_ENUM_CONVERSION = YES;
				CLANG_WARN_INFINITE_RECURSION = YES;
				CLANG_WARN_INT_CONVERSION = YES;
				CLANG_WARN_NON_LITERAL_NULL_CONVERSION = YES;
				CLANG_WARN_OBJC_LITERAL_CONVERSION = YES;
				CLANG_WARN_OBJC_ROOT_CLASS = YES_ERROR;
				CLANG_WARN_RANGE_LOOP_ANALYSIS = YES;
				CLANG_WARN_STRICT_PROTOTYPES = YES;
				CLANG_WARN_SUSPICIOUS_MOVE = YES;
				CLANG_WARN_UNGUARDED_AVAILABILITY = YES_AGGRESSIVE;
				CLANG_WARN_UNREACHABLE_CODE = YES;
				CLANG_WARN__DUPLICATE_METHOD_MATCH = YES;
				CODE_SIGN_IDENTITY = "iPhone Developer";
				COPY_PHASE_STRIP = NO;
				DEBUG_INFORMATION_FORMAT = "dwarf-with-dsym";
				ENABLE_NS_ASSERTIONS = NO;
				ENABLE_STRICT_OBJC_MSGSEND = YES;
				GCC_C_LANGUAGE_STANDARD = gnu11;
				GCC_NO_COMMON_BLOCKS = YES;
				GCC_WARN_64_TO_32_BIT_CONVERSION = YES;
				GCC_WARN_ABOUT_RETURN_TYPE = YES_ERROR;
				GCC_WARN_UNDECLARED_SELECTOR = YES;
				GCC_WARN_UNINITIALIZED_AUTOS = YES_AGGRESSIVE;
				GCC_WARN_UNUSED_FUNCTION = YES;
				GCC_WARN_UNUSED_VARIABLE = YES;
				IPHONEOS_DEPLOYMENT_TARGET = 11.0;
				MTL_ENABLE_DEBUG_INFO = NO;
				SDKROOT = iphoneos;
				SWIFT_OPTIMIZATION_LEVEL = "-Owholemodule";
				VALIDATE_PRODUCT = YES;
			};
			name = Release;
		};
		70B3BEA81F7AAA4200DBA39D /* Debug */ = {
			isa = XCBuildConfiguration;
			buildSettings = {
				ALWAYS_EMBED_SWIFT_STANDARD_LIBRARIES = YES;
				ASSETCATALOG_COMPILER_APPICON_NAME = AppIcon;
				CODE_SIGN_ENTITLEMENTS = TimesTable/TimesTable.entitlements;
				CODE_SIGN_STYLE = Automatic;
				DEVELOPMENT_TEAM = 697BLY6WZ3;
				INFOPLIST_FILE = TimesTable/Info.plist;
				LD_RUNPATH_SEARCH_PATHS = "$(inherited) @executable_path/Frameworks";
				PRODUCT_BUNDLE_IDENTIFIER = net.jhhl.Fit2Fake;
				PRODUCT_NAME = "$(TARGET_NAME)";
				SWIFT_VERSION = 4.0;
				TARGETED_DEVICE_FAMILY = "1,2";
			};
			name = Debug;
		};
		70B3BEA91F7AAA4200DBA39D /* Release */ = {
			isa = XCBuildConfiguration;
			buildSettings = {
				ALWAYS_EMBED_SWIFT_STANDARD_LIBRARIES = YES;
				ASSETCATALOG_COMPILER_APPICON_NAME = AppIcon;
				CODE_SIGN_ENTITLEMENTS = TimesTable/TimesTable.entitlements;
				CODE_SIGN_STYLE = Automatic;
				DEVELOPMENT_TEAM = 697BLY6WZ3;
				INFOPLIST_FILE = TimesTable/Info.plist;
				LD_RUNPATH_SEARCH_PATHS = "$(inherited) @executable_path/Frameworks";
				PRODUCT_BUNDLE_IDENTIFIER = net.jhhl.Fit2Fake;
				PRODUCT_NAME = "$(TARGET_NAME)";
				SWIFT_VERSION = 4.0;
				TARGETED_DEVICE_FAMILY = "1,2";
			};
			name = Release;
		};
		70B3BEAB1F7AAA4200DBA39D /* Debug */ = {
			isa = XCBuildConfiguration;
			buildSettings = {
				ALWAYS_EMBED_SWIFT_STANDARD_LIBRARIES = YES;
				BUNDLE_LOADER = "$(TEST_HOST)";
				CODE_SIGN_STYLE = Automatic;
				DEVELOPMENT_TEAM = 697BLY6WZ3;
				INFOPLIST_FILE = TimesTableTests/Info.plist;
				LD_RUNPATH_SEARCH_PATHS = "$(inherited) @executable_path/Frameworks @loader_path/Frameworks";
				PRODUCT_BUNDLE_IDENTIFIER = net.jhhl.TimesTableTests;
				PRODUCT_NAME = "$(TARGET_NAME)";
				SWIFT_VERSION = 4.0;
				TARGETED_DEVICE_FAMILY = "1,2";
				TEST_HOST = "$(BUILT_PRODUCTS_DIR)/TimesTable.app/TimesTable";
			};
			name = Debug;
		};
		70B3BEAC1F7AAA4200DBA39D /* Release */ = {
			isa = XCBuildConfiguration;
			buildSettings = {
				ALWAYS_EMBED_SWIFT_STANDARD_LIBRARIES = YES;
				BUNDLE_LOADER = "$(TEST_HOST)";
				CODE_SIGN_STYLE = Automatic;
				DEVELOPMENT_TEAM = 697BLY6WZ3;
				INFOPLIST_FILE = TimesTableTests/Info.plist;
				LD_RUNPATH_SEARCH_PATHS = "$(inherited) @executable_path/Frameworks @loader_path/Frameworks";
				PRODUCT_BUNDLE_IDENTIFIER = net.jhhl.TimesTableTests;
				PRODUCT_NAME = "$(TARGET_NAME)";
				SWIFT_VERSION = 4.0;
				TARGETED_DEVICE_FAMILY = "1,2";
				TEST_HOST = "$(BUILT_PRODUCTS_DIR)/TimesTable.app/TimesTable";
			};
			name = Release;
		};
		70B836E92127D82200719887 /* Debug */ = {
			isa = XCBuildConfiguration;
			buildSettings = {
				CLANG_ENABLE_OBJC_WEAK = YES;
				CLANG_WARN_DEPRECATED_OBJC_IMPLEMENTATIONS = YES;
				CLANG_WARN_OBJC_IMPLICIT_RETAIN_SELF = YES;
				CODE_SIGN_STYLE = Automatic;
				DEVELOPMENT_TEAM = 697BLY6WZ3;
				INFOPLIST_FILE = FitToFakeExtension/Info.plist;
				IPHONEOS_DEPLOYMENT_TARGET = 11.4;
				LD_RUNPATH_SEARCH_PATHS = "$(inherited) @executable_path/Frameworks @executable_path/../../Frameworks";
				PRODUCT_BUNDLE_IDENTIFIER = net.jhhl.Fit2Fake.FitToFakeExtension;
				PRODUCT_NAME = "$(TARGET_NAME)";
				SKIP_INSTALL = YES;
				SWIFT_VERSION = 4.0;
				TARGETED_DEVICE_FAMILY = "1,2";
			};
			name = Debug;
		};
		70B836EA2127D82200719887 /* Release */ = {
			isa = XCBuildConfiguration;
			buildSettings = {
				CLANG_ENABLE_OBJC_WEAK = YES;
				CLANG_WARN_DEPRECATED_OBJC_IMPLEMENTATIONS = YES;
				CLANG_WARN_OBJC_IMPLICIT_RETAIN_SELF = YES;
				CODE_SIGN_STYLE = Automatic;
				DEVELOPMENT_TEAM = 697BLY6WZ3;
				INFOPLIST_FILE = FitToFakeExtension/Info.plist;
				IPHONEOS_DEPLOYMENT_TARGET = 11.4;
				LD_RUNPATH_SEARCH_PATHS = "$(inherited) @executable_path/Frameworks @executable_path/../../Frameworks";
				PRODUCT_BUNDLE_IDENTIFIER = net.jhhl.Fit2Fake.FitToFakeExtension;
				PRODUCT_NAME = "$(TARGET_NAME)";
				SKIP_INSTALL = YES;
				SWIFT_VERSION = 4.0;
				TARGETED_DEVICE_FAMILY = "1,2";
			};
			name = Release;
		};
/* End XCBuildConfiguration section */

/* Begin XCConfigurationList section */
		70B3BE851F7AAA4100DBA39D /* Build configuration list for PBXProject "TimesTable" */ = {
			isa = XCConfigurationList;
			buildConfigurations = (
				70B3BEA51F7AAA4200DBA39D /* Debug */,
				70B3BEA61F7AAA4200DBA39D /* Release */,
			);
			defaultConfigurationIsVisible = 0;
			defaultConfigurationName = Release;
		};
		70B3BEA71F7AAA4200DBA39D /* Build configuration list for PBXNativeTarget "TimesTable" */ = {
			isa = XCConfigurationList;
			buildConfigurations = (
				70B3BEA81F7AAA4200DBA39D /* Debug */,
				70B3BEA91F7AAA4200DBA39D /* Release */,
			);
			defaultConfigurationIsVisible = 0;
			defaultConfigurationName = Release;
		};
		70B3BEAA1F7AAA4200DBA39D /* Build configuration list for PBXNativeTarget "TimesTableTests" */ = {
			isa = XCConfigurationList;
			buildConfigurations = (
				70B3BEAB1F7AAA4200DBA39D /* Debug */,
				70B3BEAC1F7AAA4200DBA39D /* Release */,
			);
			defaultConfigurationIsVisible = 0;
			defaultConfigurationName = Release;
		};
		70B836E82127D82200719887 /* Build configuration list for PBXNativeTarget "FitToFakeExtension" */ = {
			isa = XCConfigurationList;
			buildConfigurations = (
				70B836E92127D82200719887 /* Debug */,
				70B836EA2127D82200719887 /* Release */,
			);
			defaultConfigurationIsVisible = 0;
			defaultConfigurationName = Release;
		};
/* End XCConfigurationList section */
	};
	rootObject = 70B3BE821F7AAA4100DBA39D /* Project object */;
}
